
Microsoft Visual Studio Solution File, Format Version 12.00
# Visual Studio 15
VisualStudioVersion = 15.0.28307.168
MinimumVisualStudioVersion = 10.0.40219.1
Project("{FAE04EC0-301F-11D3-BF4B-00C04F79EFBC}") = "WebExplorer", "WebExplorer\WebExplorer.csproj", "{98DB10B4-8294-4222-9793-A854B7B618C5}"
EndProject
Global
	GlobalSection(SolutionConfigurationPlatforms) = preSolution
		Debug|Any CPU = Debug|Any CPU
		Release|Any CPU = Release|Any CPU
	EndGlobalSection
	GlobalSection(ProjectConfigurationPlatforms) = postSolution
		{98DB10B4-8294-4222-9793-A854B7B618C5}.Debug|Any CPU.ActiveCfg = Debug|Any CPU
		{98DB10B4-8294-4222-9793-A854B7B618C5}.Debug|Any CPU.Build.0 = Debug|Any CPU
		{98DB10B4-8294-4222-9793-A854B7B618C5}.Release|Any CPU.ActiveCfg = Release|Any CPU
		{98DB10B4-8294-4222-9793-A854B7B618C5}.Release|Any CPU.Build.0 = Release|Any CPU
	EndGlobalSection
	GlobalSection(SolutionProperties) = preSolution
		HideSolutionNode = FALSE
	EndGlobalSection
	GlobalSection(ExtensibilityGlobals) = postSolution
		SolutionGuid = {E70ACB8E-D3CF-4AD0-AB2F-62D2C9FADB2C}
	EndGlobalSection
EndGlobal
